
Microsoft Visual Studio Solution File, Format Version 12.00
# Visual Studio Version 16
VisualStudioVersion = 16.0.33328.57
MinimumVisualStudioVersion = 10.0.40219.1
Project("{FAE04EC0-301F-11D3-BF4B-00C04F79EFBC}") = "ControlDeUsuario", "ControlDeUsuario\ControlDeUsuario.csproj", "{54A98D7E-7966-4903-9848-801C0D60B946}"
EndProject
Global
	GlobalSection(SolutionConfigurationPlatforms) = preSolution
		Debug|Any CPU = Debug|Any CPU
		Release|Any CPU = Release|Any CPU
	EndGlobalSection
	GlobalSection(ProjectConfigurationPlatforms) = postSolution
		{54A98D7E-7966-4903-9848-801C0D60B946}.Debug|Any CPU.ActiveCfg = Debug|Any CPU
		{54A98D7E-7966-4903-9848-801C0D60B946}.Debug|Any CPU.Build.0 = Debug|Any CPU
		{54A98D7E-7966-4903-9848-801C0D60B946}.Release|Any CPU.ActiveCfg = Release|Any CPU
		{54A98D7E-7966-4903-9848-801C0D60B946}.Release|Any CPU.Build.0 = Release|Any CPU
	EndGlobalSection
	GlobalSection(SolutionProperties) = preSolution
		HideSolutionNode = FALSE
	EndGlobalSection
	GlobalSection(ExtensibilityGlobals) = postSolution
		SolutionGuid = {E21E3115-78D9-452D-8AEA-39F427A717C3}
	EndGlobalSection
EndGlobal
