
Microsoft Visual Studio Solution File, Format Version 12.00
# Visual Studio Version 16
VisualStudioVersion = 16.0.33328.57
MinimumVisualStudioVersion = 10.0.40219.1
Project("{FAE04EC0-301F-11D3-BF4B-00C04F79EFBC}") = "Carrera de carros", "Carrera de carros\Carrera de carros.csproj", "{E361BF27-24A6-48BF-BCD6-FC846AE45CCA}"
EndProject
Global
	GlobalSection(SolutionConfigurationPlatforms) = preSolution
		Debug|Any CPU = Debug|Any CPU
		Release|Any CPU = Release|Any CPU
	EndGlobalSection
	GlobalSection(ProjectConfigurationPlatforms) = postSolution
		{E361BF27-24A6-48BF-BCD6-FC846AE45CCA}.Debug|Any CPU.ActiveCfg = Debug|Any CPU
		{E361BF27-24A6-48BF-BCD6-FC846AE45CCA}.Debug|Any CPU.Build.0 = Debug|Any CPU
		{E361BF27-24A6-48BF-BCD6-FC846AE45CCA}.Release|Any CPU.ActiveCfg = Release|Any CPU
		{E361BF27-24A6-48BF-BCD6-FC846AE45CCA}.Release|Any CPU.Build.0 = Release|Any CPU
	EndGlobalSection
	GlobalSection(SolutionProperties) = preSolution
		HideSolutionNode = FALSE
	EndGlobalSection
	GlobalSection(ExtensibilityGlobals) = postSolution
		SolutionGuid = {1D21F43E-4139-477E-B8C9-CBE0ACC36215}
	EndGlobalSection
EndGlobal
