
Microsoft Visual Studio Solution File, Format Version 12.00
# Visual Studio Version 16
VisualStudioVersion = 16.0.33328.57
MinimumVisualStudioVersion = 10.0.40219.1
Project("{FAE04EC0-301F-11D3-BF4B-00C04F79EFBC}") = "RentaDeAutos", "RentaDeAutos\RentaDeAutos.csproj", "{B8DB6610-3996-4E5B-B2D0-1A0360ADAF05}"
EndProject
Project("{FAE04EC0-301F-11D3-BF4B-00C04F79EFBC}") = "SqlRentCar", "SqlRentCar\SqlRentCar.csproj", "{9C51E0E4-667D-4FAD-AE31-72EFA4F48862}"
EndProject
Global
	GlobalSection(SolutionConfigurationPlatforms) = preSolution
		Debug|Any CPU = Debug|Any CPU
		Release|Any CPU = Release|Any CPU
	EndGlobalSection
	GlobalSection(ProjectConfigurationPlatforms) = postSolution
		{B8DB6610-3996-4E5B-B2D0-1A0360ADAF05}.Debug|Any CPU.ActiveCfg = Debug|Any CPU
		{B8DB6610-3996-4E5B-B2D0-1A0360ADAF05}.Debug|Any CPU.Build.0 = Debug|Any CPU
		{B8DB6610-3996-4E5B-B2D0-1A0360ADAF05}.Release|Any CPU.ActiveCfg = Release|Any CPU
		{B8DB6610-3996-4E5B-B2D0-1A0360ADAF05}.Release|Any CPU.Build.0 = Release|Any CPU
		{9C51E0E4-667D-4FAD-AE31-72EFA4F48862}.Debug|Any CPU.ActiveCfg = Debug|Any CPU
		{9C51E0E4-667D-4FAD-AE31-72EFA4F48862}.Debug|Any CPU.Build.0 = Debug|Any CPU
		{9C51E0E4-667D-4FAD-AE31-72EFA4F48862}.Release|Any CPU.ActiveCfg = Release|Any CPU
		{9C51E0E4-667D-4FAD-AE31-72EFA4F48862}.Release|Any CPU.Build.0 = Release|Any CPU
	EndGlobalSection
	GlobalSection(SolutionProperties) = preSolution
		HideSolutionNode = FALSE
	EndGlobalSection
	GlobalSection(ExtensibilityGlobals) = postSolution
		SolutionGuid = {C148D077-34A2-4D7E-B069-F0E4C12F4540}
	EndGlobalSection
EndGlobal
