
Microsoft Visual Studio Solution File, Format Version 12.00
# Visual Studio Version 16
VisualStudioVersion = 16.0.33328.57
MinimumVisualStudioVersion = 10.0.40219.1
Project("{FAE04EC0-301F-11D3-BF4B-00C04F79EFBC}") = "Generacion de numeros  pseudoaleatorios", "Generacion de numeros  pseudoaleatorios\Generacion de numeros  pseudoaleatorios.csproj", "{567CC785-BB81-4376-9161-C8166B7381AB}"
EndProject
Global
	GlobalSection(SolutionConfigurationPlatforms) = preSolution
		Debug|Any CPU = Debug|Any CPU
		Release|Any CPU = Release|Any CPU
	EndGlobalSection
	GlobalSection(ProjectConfigurationPlatforms) = postSolution
		{567CC785-BB81-4376-9161-C8166B7381AB}.Debug|Any CPU.ActiveCfg = Debug|Any CPU
		{567CC785-BB81-4376-9161-C8166B7381AB}.Debug|Any CPU.Build.0 = Debug|Any CPU
		{567CC785-BB81-4376-9161-C8166B7381AB}.Release|Any CPU.ActiveCfg = Release|Any CPU
		{567CC785-BB81-4376-9161-C8166B7381AB}.Release|Any CPU.Build.0 = Release|Any CPU
	EndGlobalSection
	GlobalSection(SolutionProperties) = preSolution
		HideSolutionNode = FALSE
	EndGlobalSection
	GlobalSection(ExtensibilityGlobals) = postSolution
		SolutionGuid = {1FA2C87C-25C2-44B6-B6F1-7A8B9C20FCF8}
	EndGlobalSection
EndGlobal
